
Microsoft Visual Studio Solution File, Format Version 12.00
# Visual Studio Version 16
VisualStudioVersion = 16.0.31112.23
MinimumVisualStudioVersion = 10.0.40219.1
Project("{FAE04EC0-301F-11D3-BF4B-00C04F79EFBC}") = "AuctionService", "AuctionService\AuctionService.csproj", "{73AB5CF7-58A1-4696-84CE-55A34286D1C6}"
EndProject
Global
	GlobalSection(SolutionConfigurationPlatforms) = preSolution
		Debug|Any CPU = Debug|Any CPU
		Release|Any CPU = Release|Any CPU
	EndGlobalSection
	GlobalSection(ProjectConfigurationPlatforms) = postSolution
		{73AB5CF7-58A1-4696-84CE-55A34286D1C6}.Debug|Any CPU.ActiveCfg = Debug|Any CPU
		{73AB5CF7-58A1-4696-84CE-55A34286D1C6}.Debug|Any CPU.Build.0 = Debug|Any CPU
		{73AB5CF7-58A1-4696-84CE-55A34286D1C6}.Release|Any CPU.ActiveCfg = Release|Any CPU
		{73AB5CF7-58A1-4696-84CE-55A34286D1C6}.Release|Any CPU.Build.0 = Release|Any CPU
	EndGlobalSection
	GlobalSection(SolutionProperties) = preSolution
		HideSolutionNode = FALSE
	EndGlobalSection
	GlobalSection(ExtensibilityGlobals) = postSolution
		SolutionGuid = {22B4E82A-ACA4-4468-8433-15B6D0B6B67F}
	EndGlobalSection
EndGlobal
